Microsoft Visual Studio Solution File, Format Version 11.00
# Visual Studio 2017

Project("{8BC9CEB8-8B4A-11D0-8D11-00A0C91BC942}") = "ParagraphicEQ - Standalone Plugin", "ParagraphicEQ_StandalonePlugin.vcxproj", "{9CF8CBD2-6567-0362-2C30-26A73930519D}"
	ProjectSection(ProjectDependencies) = postProject
		{CE525F69-0A2D-2A15-FACD-20CC8EDAE2DA} = {CE525F69-0A2D-2A15-FACD-20CC8EDAE2DA}
	EndProjectSection
EndProject
Project("{8BC9CEB8-8B4A-11D0-8D11-00A0C91BC942}") = "ParagraphicEQ - VST", "ParagraphicEQ_VST.vcxproj", "{99450B4D-A2D2-77DB-1383-ECC10090BCB6}"
	ProjectSection(ProjectDependencies) = postProject
		{CE525F69-0A2D-2A15-FACD-20CC8EDAE2DA} = {CE525F69-0A2D-2A15-FACD-20CC8EDAE2DA}
	EndProjectSection
EndProject
Project("{8BC9CEB8-8B4A-11D0-8D11-00A0C91BC942}") = "ParagraphicEQ - VST3", "ParagraphicEQ_VST3.vcxproj", "{45C29E14-07A3-41C6-4AC3-90D786B12C53}"
	ProjectSection(ProjectDependencies) = postProject
		{CE525F69-0A2D-2A15-FACD-20CC8EDAE2DA} = {CE525F69-0A2D-2A15-FACD-20CC8EDAE2DA}
	EndProjectSection
EndProject
Project("{8BC9CEB8-8B4A-11D0-8D11-00A0C91BC942}") = "ParagraphicEQ - Shared Code", "ParagraphicEQ_SharedCode.vcxproj", "{CE525F69-0A2D-2A15-FACD-20CC8EDAE2DA}"
EndProject
Global
	GlobalSection(SolutionConfigurationPlatforms) = preSolution
		Debug|x64 = Debug|x64
		Release|x64 = Release|x64
	EndGlobalSection
	GlobalSection(ProjectConfigurationPlatforms) = postSolution
		{99450B4D-A2D2-77DB-1383-ECC10090BCB6}.Debug|x64.ActiveCfg = Debug|x64
		{99450B4D-A2D2-77DB-1383-ECC10090BCB6}.Debug|x64.Build.0 = Debug|x64
		{99450B4D-A2D2-77DB-1383-ECC10090BCB6}.Release|x64.ActiveCfg = Release|x64
		{99450B4D-A2D2-77DB-1383-ECC10090BCB6}.Release|x64.Build.0 = Release|x64
		{45C29E14-07A3-41C6-4AC3-90D786B12C53}.Debug|x64.ActiveCfg = Debug|x64
		{45C29E14-07A3-41C6-4AC3-90D786B12C53}.Debug|x64.Build.0 = Debug|x64
		{45C29E14-07A3-41C6-4AC3-90D786B12C53}.Release|x64.ActiveCfg = Release|x64
		{45C29E14-07A3-41C6-4AC3-90D786B12C53}.Release|x64.Build.0 = Release|x64
		{9CF8CBD2-6567-0362-2C30-26A73930519D}.Debug|x64.ActiveCfg = Debug|x64
		{9CF8CBD2-6567-0362-2C30-26A73930519D}.Debug|x64.Build.0 = Debug|x64
		{9CF8CBD2-6567-0362-2C30-26A73930519D}.Release|x64.ActiveCfg = Release|x64
		{9CF8CBD2-6567-0362-2C30-26A73930519D}.Release|x64.Build.0 = Release|x64
		{CE525F69-0A2D-2A15-FACD-20CC8EDAE2DA}.Debug|x64.ActiveCfg = Debug|x64
		{CE525F69-0A2D-2A15-FACD-20CC8EDAE2DA}.Debug|x64.Build.0 = Debug|x64
		{CE525F69-0A2D-2A15-FACD-20CC8EDAE2DA}.Release|x64.ActiveCfg = Release|x64
		{CE525F69-0A2D-2A15-FACD-20CC8EDAE2DA}.Release|x64.Build.0 = Release|x64
	EndGlobalSection
	GlobalSection(SolutionProperties) = preSolution
		HideSolutionNode = FALSE
	EndGlobalSection
EndGlobal
